
Microsoft Visual Studio Solution File, Format Version 12.00
# Visual Studio 15
Project("{FAE04EC0-301F-11D3-BF4B-00C04F79EFBC}") = "C_SharpClassProject2", "C_SharpClassProject2\C_SharpClassProject2.csproj", "{17CE445A-3C8F-47F8-8313-351106F4E925}"
EndProject
Global
	GlobalSection(SolutionConfigurationPlatforms) = preSolution
		Debug|Any CPU = Debug|Any CPU
		Release|Any CPU = Release|Any CPU
	EndGlobalSection
	GlobalSection(ProjectConfigurationPlatforms) = postSolution
		{17CE445A-3C8F-47F8-8313-351106F4E925}.Debug|Any CPU.ActiveCfg = Debug|Any CPU
		{17CE445A-3C8F-47F8-8313-351106F4E925}.Debug|Any CPU.Build.0 = Debug|Any CPU
		{17CE445A-3C8F-47F8-8313-351106F4E925}.Release|Any CPU.ActiveCfg = Release|Any CPU
		{17CE445A-3C8F-47F8-8313-351106F4E925}.Release|Any CPU.Build.0 = Release|Any CPU
	EndGlobalSection
EndGlobal
